<?xml version="1.0" encoding="utf-8"?>
<Project ToolsVersion="4.0" xmlns="http://schemas.microsoft.com/developer/msbuild/2003">
  <ItemGroup>
    <Filter Include="Исходные файлы">
      <UniqueIdentifier>{4FC737F1-C7A5-4376-A066-2A32D752A2FF}</UniqueIdentifier>
      <Extensions>cpp;c;cc;cxx;c++;cppm;ixx;def;odl;idl;hpj;bat;asm;asmx</Extensions>
    </Filter>
    <Filter Include="Файлы заголовков">
      <UniqueIdentifier>{93995380-89BD-4b04-88EB-625FBE52EBFB}</UniqueIdentifier>
      <Extensions>h;hh;hpp;hxx;h++;hm;inl;inc;ipp;xsd</Extensions>
    </Filter>
    <Filter Include="Файлы ресурсов">
      <UniqueIdentifier>{67DA6AB6-F800-4c08-8B7A-83BB121AAD01}</UniqueIdentifier>
      <Extensions>rc;ico;cur;bmp;dlg;rc2;rct;bin;rgs;gif;jpg;jpeg;jpe;resx;tiff;tif;png;wav;mfcribbon-ms</Extensions>
    </Filter>
    <Filter Include="Исходные файлы\src">
      <UniqueIdentifier>{86fc394b-5c98-43c8-928f-e3a79e56e516}</UniqueIdentifier>
    </Filter>
    <Filter Include="Исходные файлы\src\Components">
      <UniqueIdentifier>{9e08ffc7-ceb3-4995-ad36-60f2005fd2f7}</UniqueIdentifier>
    </Filter>
    <Filter Include="Исходные файлы\src\Systems">
      <UniqueIdentifier>{31309f4c-76b8-4dc7-9132-f69d69e1194b}</UniqueIdentifier>
    </Filter>
    <Filter Include="Исходные файлы\src\Entity">
      <UniqueIdentifier>{756316b0-c935-4e97-aae8-509a96020248}</UniqueIdentifier>
    </Filter>
    <Filter Include="Исходные файлы\src\Managers">
      <UniqueIdentifier>{c7e659c1-75ff-4f07-a9ac-9c8d675d5ed0}</UniqueIdentifier>
    </Filter>
    <Filter Include="Исходные файлы\utils">
      <UniqueIdentifier>{ea1bc0fc-0ddc-47d3-b216-311cd42346f5}</UniqueIdentifier>
    </Filter>
    <Filter Include="Файлы заголовков\Components">
      <UniqueIdentifier>{2e648ea4-8a4a-4ad3-9938-8d02155fc739}</UniqueIdentifier>
    </Filter>
    <Filter Include="Файлы заголовков\Entity">
      <UniqueIdentifier>{f269a144-5c8e-4488-b20c-b66ef73a5e13}</UniqueIdentifier>
    </Filter>
    <Filter Include="Файлы заголовков\Entity\Weapon">
      <UniqueIdentifier>{58ca22bc-2a40-473f-9603-cfa51845a499}</UniqueIdentifier>
    </Filter>
    <Filter Include="Файлы заголовков\Systems">
      <UniqueIdentifier>{46c19a0f-24d5-40e8-a035-940e3239c9da}</UniqueIdentifier>
    </Filter>
    <Filter Include="Файлы заголовков\Managers">
      <UniqueIdentifier>{7d2e3cb6-9c1a-4b8d-97ff-1e2563d19b37}</UniqueIdentifier>
    </Filter>
    <Filter Include="Файлы заголовков\Utils">
      <UniqueIdentifier>{aa10680d-0a71-4cff-a9ed-fc9176e51816}</UniqueIdentifier>
    </Filter>
  </ItemGroup>
  <ItemGroup>
    <ClCompile Include="main.cpp">
      <Filter>Исходные файлы</Filter>
    </ClCompile>
    <ClCompile Include="src\Component\Components.cpp">
      <Filter>Исходные файлы\src\Components</Filter>
    </ClCompile>
    <ClCompile Include="src\System\Weapon\WeaponSystem.cpp">
      <Filter>Исходные файлы\src\Systems</Filter>
    </ClCompile>
    <ClCompile Include="src\System\Render\RenderSystem.cpp">
      <Filter>Исходные файлы\src\Systems</Filter>
    </ClCompile>
    <ClCompile Include="src\System\Projectile\ProjectileSystem.cpp">
      <Filter>Исходные файлы\src\Systems</Filter>
    </ClCompile>
    <ClCompile Include="src\System\OrbitalProjectile\OrbitalProjectileSystem.cpp">
      <Filter>Исходные файлы\src\Systems</Filter>
    </ClCompile>
    <ClCompile Include="src\System\Movement\MovementSystem.cpp">
      <Filter>Исходные файлы\src\Systems</Filter>
    </ClCompile>
    <ClCompile Include="src\System\Input\InputSystem.cpp">
      <Filter>Исходные файлы\src\Systems</Filter>
    </ClCompile>
    <ClCompile Include="src\System\Camera\CameraSystem.cpp">
      <Filter>Исходные файлы\src\Systems</Filter>
    </ClCompile>
    <ClCompile Include="src\Entity\Weapon\Book\Book.cpp">
      <Filter>Исходные файлы\src\Entity</Filter>
    </ClCompile>
    <ClCompile Include="src\Game.cpp">
      <Filter>Исходные файлы\src</Filter>
    </ClCompile>
    <ClCompile Include="src\Entity\Weapon\MagicCharge\MagicCharge.cpp">
      <Filter>Исходные файлы\src\Entity</Filter>
    </ClCompile>
    <ClCompile Include="utils\SpriteSheet.cpp">
      <Filter>Исходные файлы\utils</Filter>
    </ClCompile>
    <ClCompile Include="src\Manager\System\SystemManager.cpp">
      <Filter>Исходные файлы\src\Managers</Filter>
    </ClCompile>
    <ClCompile Include="src\Manager\Entity\EntityManager.cpp">
      <Filter>Исходные файлы\src\Managers</Filter>
    </ClCompile>
  </ItemGroup>
  <ItemGroup>
    <ClInclude Include="src\Game.h">
      <Filter>Файлы заголовков</Filter>
    </ClInclude>
    <ClInclude Include="src\Component\Components.h">
      <Filter>Файлы заголовков\Components</Filter>
    </ClInclude>
    <ClInclude Include="src\Entity\Entity.h">
      <Filter>Файлы заголовков\Entity</Filter>
    </ClInclude>
    <ClInclude Include="src\Entity\Weapon\Weapon.h">
      <Filter>Файлы заголовков\Entity\Weapon</Filter>
    </ClInclude>
    <ClInclude Include="src\Entity\Weapon\Book\Book.h">
      <Filter>Файлы заголовков\Entity\Weapon</Filter>
    </ClInclude>
    <ClInclude Include="src\Entity\Weapon\MagicCharge\MagicCharge.h">
      <Filter>Файлы заголовков\Entity\Weapon</Filter>
    </ClInclude>
    <ClInclude Include="src\System\Render\RenderSystem.h">
      <Filter>Файлы заголовков\Systems</Filter>
    </ClInclude>
    <ClInclude Include="src\System\Weapon\WeaponSystem.h">
      <Filter>Файлы заголовков\Systems</Filter>
    </ClInclude>
    <ClInclude Include="src\System\Projectile\ProjectileSystem.h">
      <Filter>Файлы заголовков\Systems</Filter>
    </ClInclude>
    <ClInclude Include="src\System\OrbitalProjectile\OrbitalProjectileSystem.h">
      <Filter>Файлы заголовков\Systems</Filter>
    </ClInclude>
    <ClInclude Include="src\System\Movement\MovementSystem.h">
      <Filter>Файлы заголовков\Systems</Filter>
    </ClInclude>
    <ClInclude Include="src\System\Input\InputSystem.h">
      <Filter>Файлы заголовков\Systems</Filter>
    </ClInclude>
    <ClInclude Include="src\System\Camera\CameraSystem.h">
      <Filter>Файлы заголовков\Systems</Filter>
    </ClInclude>
    <ClInclude Include="src\Manager\Entity\EntityManager.h">
      <Filter>Файлы заголовков\Managers</Filter>
    </ClInclude>
    <ClInclude Include="src\Manager\System\SystemManager.h">
      <Filter>Файлы заголовков\Managers</Filter>
    </ClInclude>
    <ClInclude Include="src\System\System.h">
      <Filter>Файлы заголовков\Systems</Filter>
    </ClInclude>
    <ClInclude Include="utils\SpriteSheet.h">
      <Filter>Файлы заголовков\Utils</Filter>
    </ClInclude>
  </ItemGroup>
</Project>